
Microsoft Visual Studio Solution File, Format Version 12.00
# Visual Studio Version 16
VisualStudioVersion = 16.0.30114.105
MinimumVisualStudioVersion = 10.0.40219.1
Project("{9A19103F-16F7-4668-BE54-9A1E7A4F7556}") = "ServiciosVideos.Setup.Direcciones.Comun", "ServiciosVideos.Setup.Direcciones.Comun\ServiciosVideos.Setup.Direcciones.Comun.csproj", "{9BF92FFE-C9FF-491F-A041-8971AFA77241}"
EndProject
Project("{9A19103F-16F7-4668-BE54-9A1E7A4F7556}") = "ServiciosVideos.Setup.Direcciones.Terminal", "ServiciosVideos.Setup.Direcciones.Terminal\ServiciosVideos.Setup.Direcciones.Terminal.csproj", "{0F5936DF-FFBB-45DF-A983-97A3B7D7A091}"
EndProject
Global
	GlobalSection(SolutionConfigurationPlatforms) = preSolution
		Debug|Any CPU = Debug|Any CPU
		Release|Any CPU = Release|Any CPU
	EndGlobalSection
	GlobalSection(ProjectConfigurationPlatforms) = postSolution
		{9BF92FFE-C9FF-491F-A041-8971AFA77241}.Debug|Any CPU.ActiveCfg = Debug|Any CPU
		{9BF92FFE-C9FF-491F-A041-8971AFA77241}.Debug|Any CPU.Build.0 = Debug|Any CPU
		{9BF92FFE-C9FF-491F-A041-8971AFA77241}.Release|Any CPU.ActiveCfg = Release|Any CPU
		{9BF92FFE-C9FF-491F-A041-8971AFA77241}.Release|Any CPU.Build.0 = Release|Any CPU
		{0F5936DF-FFBB-45DF-A983-97A3B7D7A091}.Debug|Any CPU.ActiveCfg = Debug|Any CPU
		{0F5936DF-FFBB-45DF-A983-97A3B7D7A091}.Debug|Any CPU.Build.0 = Debug|Any CPU
		{0F5936DF-FFBB-45DF-A983-97A3B7D7A091}.Release|Any CPU.ActiveCfg = Release|Any CPU
		{0F5936DF-FFBB-45DF-A983-97A3B7D7A091}.Release|Any CPU.Build.0 = Release|Any CPU
	EndGlobalSection
	GlobalSection(SolutionProperties) = preSolution
		HideSolutionNode = FALSE
	EndGlobalSection
	GlobalSection(ExtensibilityGlobals) = postSolution
		SolutionGuid = {E3AA5FBF-AC2E-4FE0-9D86-6298D41262B3}
	EndGlobalSection
EndGlobal
